
Microsoft Visual Studio Solution File, Format Version 12.00
# Visual Studio Version 17
VisualStudioVersion = 17.6.33829.357
MinimumVisualStudioVersion = 10.0.40219.1
Project("{FAE04EC0-301F-11D3-BF4B-00C04F79EFBC}") = "CSharp_DinhDang(Formater)", "CSharp_DinhDang(Formater).csproj", "{C0E2F6BD-E080-41D0-8DEB-98A0DE853DFE}"
EndProject
Global
	GlobalSection(SolutionConfigurationPlatforms) = preSolution
		Debug|Any CPU = Debug|Any CPU
		Release|Any CPU = Release|Any CPU
	EndGlobalSection
	GlobalSection(ProjectConfigurationPlatforms) = postSolution
		{C0E2F6BD-E080-41D0-8DEB-98A0DE853DFE}.Debug|Any CPU.ActiveCfg = Debug|Any CPU
		{C0E2F6BD-E080-41D0-8DEB-98A0DE853DFE}.Debug|Any CPU.Build.0 = Debug|Any CPU
		{C0E2F6BD-E080-41D0-8DEB-98A0DE853DFE}.Release|Any CPU.ActiveCfg = Release|Any CPU
		{C0E2F6BD-E080-41D0-8DEB-98A0DE853DFE}.Release|Any CPU.Build.0 = Release|Any CPU
	EndGlobalSection
	GlobalSection(SolutionProperties) = preSolution
		HideSolutionNode = FALSE
	EndGlobalSection
	GlobalSection(ExtensibilityGlobals) = postSolution
		SolutionGuid = {0AC55ACF-8620-42F7-BDB3-B87C9D3526EA}
	EndGlobalSection
EndGlobal
